// {
//   "requires": true,
//   "lockfileVersion": 1,
//   "dependencies": {
//     "agora-rtc-sdk": {
//       "version": "3.6.11",
//       "resolved": "https://registry.npmjs.org/agora-rtc-sdk/-/agora-rtc-sdk-3.6.11.tgz",
//       "integrity": "sha512-/uOlQeLg+GrR3qJe9UQ39GbHK7OrsLobi3t2W4shG5G7pm1CSPZJUYsWksHlcLgZG0fzvxKcDkGeNQ2AleqniQ=="
//     },
//     "agora-rtc-sdk-ng": {
//       "version": "4.15.0",
//       "resolved": "https://registry.npmjs.org/agora-rtc-sdk-ng/-/agora-rtc-sdk-ng-4.15.0.tgz",
//       "integrity": "sha512-55WyOe4cVquF3gIlEunWjasRPDlVt3GfU5wFvRlGuPDXxQK0Z8xNP07Hq/Q4D45k9qc3lzZ5LPxLznywDWPUWQ==",
//       "requires": {
//         "agora-rte-extension": "^1.2.3"
//       }
//     },
//     "agora-rte-extension": {
//       "version": "1.2.3",
//       "resolved": "https://registry.npmjs.org/agora-rte-extension/-/agora-rte-extension-1.2.3.tgz",
//       "integrity": "sha512-k3yNrYVyzJRoQJjaJUktKUI1XRtf8J1XsW8OzYKFqGlS8WQRMsES1+Phj2rfuEriiLObfuyuCimG6KHQCt5tiw=="
//     }
//   }
// }
